
Microsoft Visual Studio Solution File, Format Version 12.00
# Visual Studio Version 17
VisualStudioVersion = 17.9.34622.214
MinimumVisualStudioVersion = 10.0.40219.1
Project("{FAE04EC0-301F-11D3-BF4B-00C04F79EFBC}") = "Ktx2.NET", "Ktx2.NET\Ktx2.NET.csproj", "{33BF3B39-B20C-4D62-991C-9298AAA74EBF}"
EndProject
Global
	GlobalSection(SolutionConfigurationPlatforms) = preSolution
		Debug|Any CPU = Debug|Any CPU
		Debug|x64 = Debug|x64
		Release|Any CPU = Release|Any CPU
		Release|x64 = Release|x64
	EndGlobalSection
	GlobalSection(ProjectConfigurationPlatforms) = postSolution
		{33BF3B39-B20C-4D62-991C-9298AAA74EBF}.Debug|Any CPU.ActiveCfg = Debug|Any CPU
		{33BF3B39-B20C-4D62-991C-9298AAA74EBF}.Debug|Any CPU.Build.0 = Debug|Any CPU
		{33BF3B39-B20C-4D62-991C-9298AAA74EBF}.Debug|x64.ActiveCfg = Debug|x64
		{33BF3B39-B20C-4D62-991C-9298AAA74EBF}.Debug|x64.Build.0 = Debug|x64
		{33BF3B39-B20C-4D62-991C-9298AAA74EBF}.Release|Any CPU.ActiveCfg = Release|Any CPU
		{33BF3B39-B20C-4D62-991C-9298AAA74EBF}.Release|Any CPU.Build.0 = Release|Any CPU
		{33BF3B39-B20C-4D62-991C-9298AAA74EBF}.Release|x64.ActiveCfg = Release|x64
		{33BF3B39-B20C-4D62-991C-9298AAA74EBF}.Release|x64.Build.0 = Release|x64
	EndGlobalSection
	GlobalSection(SolutionProperties) = preSolution
		HideSolutionNode = FALSE
	EndGlobalSection
	GlobalSection(ExtensibilityGlobals) = postSolution
		SolutionGuid = {5F0C4EE7-82A1-426A-B00F-60C06798D204}
	EndGlobalSection
EndGlobal
